
Microsoft Visual Studio Solution File, Format Version 12.00
# Visual Studio Version 16
VisualStudioVersion = 16.0.30523.141
MinimumVisualStudioVersion = 10.0.40219.1
Project("{FAE04EC0-301F-11D3-BF4B-00C04F79EFBC}") = "SwitchCheatCodeManager", "SwitchCheatCodeManager\SwitchCheatCodeManager.csproj", "{DBD4119A-EDCD-4FF8-ACE3-1C6E8D453792}"
EndProject
Global
	GlobalSection(SolutionConfigurationPlatforms) = preSolution
		Debug|Any CPU = Debug|Any CPU
		Release|Any CPU = Release|Any CPU
	EndGlobalSection
	GlobalSection(ProjectConfigurationPlatforms) = postSolution
		{DBD4119A-EDCD-4FF8-ACE3-1C6E8D453792}.Debug|Any CPU.ActiveCfg = Debug|Any CPU
		{DBD4119A-EDCD-4FF8-ACE3-1C6E8D453792}.Debug|Any CPU.Build.0 = Debug|Any CPU
		{DBD4119A-EDCD-4FF8-ACE3-1C6E8D453792}.Release|Any CPU.ActiveCfg = Release|Any CPU
		{DBD4119A-EDCD-4FF8-ACE3-1C6E8D453792}.Release|Any CPU.Build.0 = Release|Any CPU
	EndGlobalSection
	GlobalSection(SolutionProperties) = preSolution
		HideSolutionNode = FALSE
	EndGlobalSection
	GlobalSection(ExtensibilityGlobals) = postSolution
		SolutionGuid = {9699F95C-6725-417C-80B0-FD783C178265}
	EndGlobalSection
EndGlobal
